<Solution>
  <Folder Name="/src/">
    <Project Path="src/AvaWin.Animations/AvaWin.Animations.csproj" />
    <Project Path="src/AvaWin.Theme/AvaWin.Theme.csproj" />
    <Project Path="src/AvaWin.Controls/AvaWin.Controls.csproj" />
  </Folder>
  <Folder Name="/samples/">
    <Project Path="samples/AvaWin.Gallery/AvaWin.Gallery.csproj" />
    <Project Path="samples/AvaWin.Gallery.Desktop/AvaWin.Gallery.Desktop.csproj" />
    <Project Path="samples/AvaWin.Gallery.Android/AvaWin.Gallery.Android.csproj" />
    <Project Path="samples/AvaWin.Gallery.iOS/AvaWin.Gallery.iOS.csproj" />
    <Project Path="samples/AvaWin.Gallery.Browser/AvaWin.Gallery.Browser.csproj" />
  </Folder>
  <Folder Name="/tests/">
    <Project Path="tests/AvaWin.Animations.Tests/AvaWin.Animations.Tests.csproj" />
    <Project Path="tests/AvaWin.Theme.Tests/AvaWin.Theme.Tests.csproj" />
    <Project Path="tests/AvaWin.Controls.Tests/AvaWin.Controls.Tests.csproj" />
  </Folder>
  <Folder Name="/solution-items/">
    <File Path="Directory.Build.props" />
    <File Path="Directory.Packages.props" />
    <File Path="global.json" />
    <File Path="NOTICE.md" />
  </Folder>
</Solution>
